// !$*UTF8*$!
{
	archiveVersion = 1;
	classes = {
	};
	objectVersion = 56;
	objects = {

/* Begin PBXBuildFile section */
		522D650B2A506512005C7020 /* EmptyState.swift in Sources */ = {isa = PBXBuildFile; fileRef = 522D650A2A506512005C7020 /* EmptyState.swift */; };
		522D650D2A50768C005C7020 /* Order.swift in Sources */ = {isa = PBXBuildFile; fileRef = 522D650C2A50768C005C7020 /* Order.swift */; };
		522E15472A4FEE4400A9348A /* User.swift in Sources */ = {isa = PBXBuildFile; fileRef = 522E15462A4FEE4400A9348A /* User.swift */; };
		5279B8E429F6D0F400F1B20A /* AppetizersApp.swift in Sources */ = {isa = PBXBuildFile; fileRef = 5279B8E329F6D0F400F1B20A /* AppetizersApp.swift */; };
		5279B8E629F6D0F400F1B20A /* AppetizersTabView.swift in Sources */ = {isa = PBXBuildFile; fileRef = 5279B8E529F6D0F400F1B20A /* AppetizersTabView.swift */; };
		5279B8E829F6D0F500F1B20A /* Assets.xcassets in Resources */ = {isa = PBXBuildFile; fileRef = 5279B8E729F6D0F500F1B20A /* Assets.xcassets */; };
		5279B8EB29F6D0F500F1B20A /* Preview Assets.xcassets in Resources */ = {isa = PBXBuildFile; fileRef = 5279B8EA29F6D0F500F1B20A /* Preview Assets.xcassets */; };
		5279B8F229F6D50300F1B20A /* AppetizerListView.swift in Sources */ = {isa = PBXBuildFile; fileRef = 5279B8F129F6D50300F1B20A /* AppetizerListView.swift */; };
		5279B8F429F6D50F00F1B20A /* AccountView.swift in Sources */ = {isa = PBXBuildFile; fileRef = 5279B8F329F6D50F00F1B20A /* AccountView.swift */; };
		5279B8F629F6D52100F1B20A /* OrderView.swift in Sources */ = {isa = PBXBuildFile; fileRef = 5279B8F529F6D52100F1B20A /* OrderView.swift */; };
		5279B8F829F6E98F00F1B20A /* Appetizer.swift in Sources */ = {isa = PBXBuildFile; fileRef = 5279B8F729F6E98F00F1B20A /* Appetizer.swift */; };
		5296DA772A5506050068BCE3 /* CustomModifiers.swift in Sources */ = {isa = PBXBuildFile; fileRef = 5296DA762A5506040068BCE3 /* CustomModifiers.swift */; };
		52E2BB9C2A32D6F9008FDE06 /* AppetizerListCell.swift in Sources */ = {isa = PBXBuildFile; fileRef = 52E2BB9B2A32D6F9008FDE06 /* AppetizerListCell.swift */; };
		52E2BB9E2A3421D5008FDE06 /* NetworkManager.swift in Sources */ = {isa = PBXBuildFile; fileRef = 52E2BB9D2A3421D5008FDE06 /* NetworkManager.swift */; };
		52E2BBA02A342284008FDE06 /* APError.swift in Sources */ = {isa = PBXBuildFile; fileRef = 52E2BB9F2A342284008FDE06 /* APError.swift */; };
		52E2BBA22A3591B5008FDE06 /* AppetizerListViewModel.swift in Sources */ = {isa = PBXBuildFile; fileRef = 52E2BBA12A3591B5008FDE06 /* AppetizerListViewModel.swift */; };
		52E2BBA42A359552008FDE06 /* Alert.swift in Sources */ = {isa = PBXBuildFile; fileRef = 52E2BBA32A359552008FDE06 /* Alert.swift */; };
		52E2BBA62A35BDE3008FDE06 /* LoadingView.swift in Sources */ = {isa = PBXBuildFile; fileRef = 52E2BBA52A35BDE3008FDE06 /* LoadingView.swift */; };
		52E2BBA82A35BE6F008FDE06 /* Color+Ext.swift in Sources */ = {isa = PBXBuildFile; fileRef = 52E2BBA72A35BE6E008FDE06 /* Color+Ext.swift */; };
		52EE32142A474CFD00CC7CBE /* RemoteImage.swift in Sources */ = {isa = PBXBuildFile; fileRef = 52EE32132A474CFD00CC7CBE /* RemoteImage.swift */; };
		52EE32232A47556C00CC7CBE /* AppetizerDetailView.swift in Sources */ = {isa = PBXBuildFile; fileRef = 52EE32222A47556C00CC7CBE /* AppetizerDetailView.swift */; };
		52EE32282A481CB500CC7CBE /* XDismissButton.swift in Sources */ = {isa = PBXBuildFile; fileRef = 52EE32272A481CB500CC7CBE /* XDismissButton.swift */; };
		52EE322A2A485EBA00CC7CBE /* AccountViewModel.swift in Sources */ = {isa = PBXBuildFile; fileRef = 52EE32292A485EBA00CC7CBE /* AccountViewModel.swift */; };
		52EE322C2A48619F00CC7CBE /* String+Ext.swift in Sources */ = {isa = PBXBuildFile; fileRef = 52EE322B2A48619F00CC7CBE /* String+Ext.swift */; };
/* End PBXBuildFile section */

/* Begin PBXFileReference section */
		522D650A2A506512005C7020 /* EmptyState.swift */ = {isa = PBXFileReference; lastKnownFileType = sourcecode.swift; path = EmptyState.swift; sourceTree = "<group>"; };
		522D650C2A50768C005C7020 /* Order.swift */ = {isa = PBXFileReference; lastKnownFileType = sourcecode.swift; path = Order.swift; sourceTree = "<group>"; };
		522E15462A4FEE4400A9348A /* User.swift */ = {isa = PBXFileReference; lastKnownFileType = sourcecode.swift; path = User.swift; sourceTree = "<group>"; };
		5279B8E029F6D0F400F1B20A /* Appetizers.app */ = {isa = PBXFileReference; explicitFileType = wrapper.application; includeInIndex = 0; path = Appetizers.app; sourceTree = BUILT_PRODUCTS_DIR; };
		5279B8E329F6D0F400F1B20A /* AppetizersApp.swift */ = {isa = PBXFileReference; lastKnownFileType = sourcecode.swift; path = AppetizersApp.swift; sourceTree = "<group>"; };
		5279B8E529F6D0F400F1B20A /* AppetizersTabView.swift */ = {isa = PBXFileReference; lastKnownFileType = sourcecode.swift; path = AppetizersTabView.swift; sourceTree = "<group>"; };
		5279B8E729F6D0F500F1B20A /* Assets.xcassets */ = {isa = PBXFileReference; lastKnownFileType = folder.assetcatalog; path = Assets.xcassets; sourceTree = "<group>"; };
		5279B8EA29F6D0F500F1B20A /* Preview Assets.xcassets */ = {isa = PBXFileReference; lastKnownFileType = folder.assetcatalog; path = "Preview Assets.xcassets"; sourceTree = "<group>"; };
		5279B8F129F6D50300F1B20A /* AppetizerListView.swift */ = {isa = PBXFileReference; lastKnownFileType = sourcecode.swift; path = AppetizerListView.swift; sourceTree = "<group>"; };
		5279B8F329F6D50F00F1B20A /* AccountView.swift */ = {isa = PBXFileReference; lastKnownFileType = sourcecode.swift; path = AccountView.swift; sourceTree = "<group>"; };
		5279B8F529F6D52100F1B20A /* OrderView.swift */ = {isa = PBXFileReference; lastKnownFileType = sourcecode.swift; path = OrderView.swift; sourceTree = "<group>"; };
		5279B8F729F6E98F00F1B20A /* Appetizer.swift */ = {isa = PBXFileReference; lastKnownFileType = sourcecode.swift; path = Appetizer.swift; sourceTree = "<group>"; };
		5296DA762A5506040068BCE3 /* CustomModifiers.swift */ = {isa = PBXFileReference; lastKnownFileType = sourcecode.swift; path = CustomModifiers.swift; sourceTree = "<group>"; };
		52E2BB9B2A32D6F9008FDE06 /* AppetizerListCell.swift */ = {isa = PBXFileReference; lastKnownFileType = sourcecode.swift; path = AppetizerListCell.swift; sourceTree = "<group>"; };
		52E2BB9D2A3421D5008FDE06 /* NetworkManager.swift */ = {isa = PBXFileReference; lastKnownFileType = sourcecode.swift; path = NetworkManager.swift; sourceTree = "<group>"; };
		52E2BB9F2A342284008FDE06 /* APError.swift */ = {isa = PBXFileReference; lastKnownFileType = sourcecode.swift; path = APError.swift; sourceTree = "<group>"; };
		52E2BBA12A3591B5008FDE06 /* AppetizerListViewModel.swift */ = {isa = PBXFileReference; lastKnownFileType = sourcecode.swift; path = AppetizerListViewModel.swift; sourceTree = "<group>"; };
		52E2BBA32A359552008FDE06 /* Alert.swift */ = {isa = PBXFileReference; lastKnownFileType = sourcecode.swift; path = Alert.swift; sourceTree = "<group>"; };
		52E2BBA52A35BDE3008FDE06 /* LoadingView.swift */ = {isa = PBXFileReference; lastKnownFileType = sourcecode.swift; path = LoadingView.swift; sourceTree = "<group>"; };
		52E2BBA72A35BE6E008FDE06 /* Color+Ext.swift */ = {isa = PBXFileReference; lastKnownFileType = sourcecode.swift; path = "Color+Ext.swift"; sourceTree = "<group>"; };
		52EE32132A474CFD00CC7CBE /* RemoteImage.swift */ = {isa = PBXFileReference; lastKnownFileType = sourcecode.swift; path = RemoteImage.swift; sourceTree = "<group>"; };
		52EE32222A47556C00CC7CBE /* AppetizerDetailView.swift */ = {isa = PBXFileReference; lastKnownFileType = sourcecode.swift; path = AppetizerDetailView.swift; sourceTree = "<group>"; };
		52EE32272A481CB500CC7CBE /* XDismissButton.swift */ = {isa = PBXFileReference; lastKnownFileType = sourcecode.swift; path = XDismissButton.swift; sourceTree = "<group>"; };
		52EE32292A485EBA00CC7CBE /* AccountViewModel.swift */ = {isa = PBXFileReference; lastKnownFileType = sourcecode.swift; path = AccountViewModel.swift; sourceTree = "<group>"; };
		52EE322B2A48619F00CC7CBE /* String+Ext.swift */ = {isa = PBXFileReference; lastKnownFileType = sourcecode.swift; path = "String+Ext.swift"; sourceTree = "<group>"; };
/* End PBXFileReference section */

/* Begin PBXFrameworksBuildPhase section */
		5279B8DD29F6D0F300F1B20A /* Frameworks */ = {
			isa = PBXFrameworksBuildPhase;
			buildActionMask = 2147483647;
			files = (
			);
			runOnlyForDeploymentPostprocessing = 0;
		};
/* End PBXFrameworksBuildPhase section */

/* Begin PBXGroup section */
		522D65092A5064ED005C7020 /* Empty State */ = {
			isa = PBXGroup;
			children = (
				522D650A2A506512005C7020 /* EmptyState.swift */,
			);
			path = "Empty State";
			sourceTree = "<group>";
		};
		5279B8D729F6D0F300F1B20A = {
			isa = PBXGroup;
			children = (
				5279B8E229F6D0F400F1B20A /* Appetizers */,
				5279B8E129F6D0F400F1B20A /* Products */,
			);
			sourceTree = "<group>";
		};
		5279B8E129F6D0F400F1B20A /* Products */ = {
			isa = PBXGroup;
			children = (
				5279B8E029F6D0F400F1B20A /* Appetizers.app */,
			);
			name = Products;
			sourceTree = "<group>";
		};
		5279B8E229F6D0F400F1B20A /* Appetizers */ = {
			isa = PBXGroup;
			children = (
				52EE321D2A47531700CC7CBE /* Models */,
				52EE32192A47529900CC7CBE /* Utilities */,
				52EE321E2A4753B800CC7CBE /* Views */,
				52EE32152A4751C000CC7CBE /* Screens */,
				5279B8E329F6D0F400F1B20A /* AppetizersApp.swift */,
				5279B8E729F6D0F500F1B20A /* Assets.xcassets */,
				5279B8E929F6D0F500F1B20A /* Preview Content */,
			);
			path = Appetizers;
			sourceTree = "<group>";
		};
		5279B8E929F6D0F500F1B20A /* Preview Content */ = {
			isa = PBXGroup;
			children = (
				5279B8EA29F6D0F500F1B20A /* Preview Assets.xcassets */,
			);
			path = "Preview Content";
			sourceTree = "<group>";
		};
		52EE32152A4751C000CC7CBE /* Screens */ = {
			isa = PBXGroup;
			children = (
				5279B8E529F6D0F400F1B20A /* AppetizersTabView.swift */,
				52EE32162A4751F000CC7CBE /* AppetizerListView */,
				52EE32172A47520000CC7CBE /* AccountView */,
				52EE32182A47521000CC7CBE /* OrderView */,
			);
			path = Screens;
			sourceTree = "<group>";
		};
		52EE32162A4751F000CC7CBE /* AppetizerListView */ = {
			isa = PBXGroup;
			children = (
				5279B8F129F6D50300F1B20A /* AppetizerListView.swift */,
				52E2BBA12A3591B5008FDE06 /* AppetizerListViewModel.swift */,
				52EE32222A47556C00CC7CBE /* AppetizerDetailView.swift */,
			);
			path = AppetizerListView;
			sourceTree = "<group>";
		};
		52EE32172A47520000CC7CBE /* AccountView */ = {
			isa = PBXGroup;
			children = (
				5279B8F329F6D50F00F1B20A /* AccountView.swift */,
				52EE32292A485EBA00CC7CBE /* AccountViewModel.swift */,
			);
			path = AccountView;
			sourceTree = "<group>";
		};
		52EE32182A47521000CC7CBE /* OrderView */ = {
			isa = PBXGroup;
			children = (
				5279B8F529F6D52100F1B20A /* OrderView.swift */,
			);
			path = OrderView;
			sourceTree = "<group>";
		};
		52EE32192A47529900CC7CBE /* Utilities */ = {
			isa = PBXGroup;
			children = (
				52EE321C2A4752BD00CC7CBE /* Managers */,
				52EE321B2A4752AD00CC7CBE /* Extentions */,
				52EE321A2A4752A500CC7CBE /* Alerts */,
			);
			path = Utilities;
			sourceTree = "<group>";
		};
		52EE321A2A4752A500CC7CBE /* Alerts */ = {
			isa = PBXGroup;
			children = (
				52E2BB9F2A342284008FDE06 /* APError.swift */,
				52E2BBA32A359552008FDE06 /* Alert.swift */,
			);
			path = Alerts;
			sourceTree = "<group>";
		};
		52EE321B2A4752AD00CC7CBE /* Extentions */ = {
			isa = PBXGroup;
			children = (
				52E2BBA72A35BE6E008FDE06 /* Color+Ext.swift */,
				52EE322B2A48619F00CC7CBE /* String+Ext.swift */,
			);
			path = Extentions;
			sourceTree = "<group>";
		};
		52EE321C2A4752BD00CC7CBE /* Managers */ = {
			isa = PBXGroup;
			children = (
				52E2BB9D2A3421D5008FDE06 /* NetworkManager.swift */,
			);
			path = Managers;
			sourceTree = "<group>";
		};
		52EE321D2A47531700CC7CBE /* Models */ = {
			isa = PBXGroup;
			children = (
				5279B8F729F6E98F00F1B20A /* Appetizer.swift */,
				522E15462A4FEE4400A9348A /* User.swift */,
				522D650C2A50768C005C7020 /* Order.swift */,
			);
			path = Models;
			sourceTree = "<group>";
		};
		52EE321E2A4753B800CC7CBE /* Views */ = {
			isa = PBXGroup;
			children = (
				522D65092A5064ED005C7020 /* Empty State */,
				52EE32242A481BF800CC7CBE /* Buttons */,
				52EE32212A4753CE00CC7CBE /* UIKit Components */,
				52EE32202A4753C800CC7CBE /* Cells */,
				52EE321F2A4753C100CC7CBE /* Image */,
				5296DA762A5506040068BCE3 /* CustomModifiers.swift */,
			);
			path = Views;
			sourceTree = "<group>";
		};
		52EE321F2A4753C100CC7CBE /* Image */ = {
			isa = PBXGroup;
			children = (
				52EE32132A474CFD00CC7CBE /* RemoteImage.swift */,
			);
			path = Image;
			sourceTree = "<group>";
		};
		52EE32202A4753C800CC7CBE /* Cells */ = {
			isa = PBXGroup;
			children = (
				52E2BB9B2A32D6F9008FDE06 /* AppetizerListCell.swift */,
			);
			path = Cells;
			sourceTree = "<group>";
		};
		52EE32212A4753CE00CC7CBE /* UIKit Components */ = {
			isa = PBXGroup;
			children = (
				52E2BBA52A35BDE3008FDE06 /* LoadingView.swift */,
			);
			path = "UIKit Components";
			sourceTree = "<group>";
		};
		52EE32242A481BF800CC7CBE /* Buttons */ = {
			isa = PBXGroup;
			children = (
				52EE32272A481CB500CC7CBE /* XDismissButton.swift */,
			);
			path = Buttons;
			sourceTree = "<group>";
		};
/* End PBXGroup section */

/* Begin PBXNativeTarget section */
		5279B8DF29F6D0F300F1B20A /* Appetizers */ = {
			isa = PBXNativeTarget;
			buildConfigurationList = 5279B8EE29F6D0F500F1B20A /* Build configuration list for PBXNativeTarget "Appetizers" */;
			buildPhases = (
				5279B8DC29F6D0F300F1B20A /* Sources */,
				5279B8DD29F6D0F300F1B20A /* Frameworks */,
				5279B8DE29F6D0F300F1B20A /* Resources */,
			);
			buildRules = (
			);
			dependencies = (
			);
			name = Appetizers;
			productName = Appetizers;
			productReference = 5279B8E029F6D0F400F1B20A /* Appetizers.app */;
			productType = "com.apple.product-type.application";
		};
/* End PBXNativeTarget section */

/* Begin PBXProject section */
		5279B8D829F6D0F300F1B20A /* Project object */ = {
			isa = PBXProject;
			attributes = {
				BuildIndependentTargetsInParallel = 1;
				LastSwiftUpdateCheck = 1430;
				LastUpgradeCheck = 1430;
				TargetAttributes = {
					5279B8DF29F6D0F300F1B20A = {
						CreatedOnToolsVersion = 14.3;
					};
				};
			};
			buildConfigurationList = 5279B8DB29F6D0F300F1B20A /* Build configuration list for PBXProject "Appetizers" */;
			compatibilityVersion = "Xcode 14.0";
			developmentRegion = en;
			hasScannedForEncodings = 0;
			knownRegions = (
				en,
				Base,
			);
			mainGroup = 5279B8D729F6D0F300F1B20A;
			productRefGroup = 5279B8E129F6D0F400F1B20A /* Products */;
			projectDirPath = "";
			projectRoot = "";
			targets = (
				5279B8DF29F6D0F300F1B20A /* Appetizers */,
			);
		};
/* End PBXProject section */

/* Begin PBXResourcesBuildPhase section */
		5279B8DE29F6D0F300F1B20A /* Resources */ = {
			isa = PBXResourcesBuildPhase;
			buildActionMask = 2147483647;
			files = (
				5279B8EB29F6D0F500F1B20A /* Preview Assets.xcassets in Resources */,
				5279B8E829F6D0F500F1B20A /* Assets.xcassets in Resources */,
			);
			runOnlyForDeploymentPostprocessing = 0;
		};
/* End PBXResourcesBuildPhase section */

/* Begin PBXSourcesBuildPhase section */
		5279B8DC29F6D0F300F1B20A /* Sources */ = {
			isa = PBXSourcesBuildPhase;
			buildActionMask = 2147483647;
			files = (
				5279B8F829F6E98F00F1B20A /* Appetizer.swift in Sources */,
				52E2BBA02A342284008FDE06 /* APError.swift in Sources */,
				52EE32282A481CB500CC7CBE /* XDismissButton.swift in Sources */,
				52E2BB9C2A32D6F9008FDE06 /* AppetizerListCell.swift in Sources */,
				522D650D2A50768C005C7020 /* Order.swift in Sources */,
				52EE322A2A485EBA00CC7CBE /* AccountViewModel.swift in Sources */,
				52E2BBA22A3591B5008FDE06 /* AppetizerListViewModel.swift in Sources */,
				52E2BBA82A35BE6F008FDE06 /* Color+Ext.swift in Sources */,
				5279B8F429F6D50F00F1B20A /* AccountView.swift in Sources */,
				522E15472A4FEE4400A9348A /* User.swift in Sources */,
				52E2BBA62A35BDE3008FDE06 /* LoadingView.swift in Sources */,
				5279B8E629F6D0F400F1B20A /* AppetizersTabView.swift in Sources */,
				52E2BB9E2A3421D5008FDE06 /* NetworkManager.swift in Sources */,
				52EE32142A474CFD00CC7CBE /* RemoteImage.swift in Sources */,
				52EE322C2A48619F00CC7CBE /* String+Ext.swift in Sources */,
				522D650B2A506512005C7020 /* EmptyState.swift in Sources */,
				52EE32232A47556C00CC7CBE /* AppetizerDetailView.swift in Sources */,
				5279B8E429F6D0F400F1B20A /* AppetizersApp.swift in Sources */,
				52E2BBA42A359552008FDE06 /* Alert.swift in Sources */,
				5296DA772A5506050068BCE3 /* CustomModifiers.swift in Sources */,
				5279B8F229F6D50300F1B20A /* AppetizerListView.swift in Sources */,
				5279B8F629F6D52100F1B20A /* OrderView.swift in Sources */,
			);
			runOnlyForDeploymentPostprocessing = 0;
		};
/* End PBXSourcesBuildPhase section */

/* Begin XCBuildConfiguration section */
		5279B8EC29F6D0F500F1B20A /* Debug */ = {
			isa = XCBuildConfiguration;
			buildSettings = {
				ALWAYS_SEARCH_USER_PATHS = NO;
				CLANG_ANALYZER_NONNULL = YES;
				CLANG_ANALYZER_NUMBER_OBJECT_CONVERSION = YES_AGGRESSIVE;
				CLANG_CXX_LANGUAGE_STANDARD = "gnu++20";
				CLANG_ENABLE_MODULES = YES;
				CLANG_ENABLE_OBJC_ARC = YES;
				CLANG_ENABLE_OBJC_WEAK = YES;
				CLANG_WARN_BLOCK_CAPTURE_AUTORELEASING = YES;
				CLANG_WARN_BOOL_CONVERSION = YES;
				CLANG_WARN_COMMA = YES;
				CLANG_WARN_CONSTANT_CONVERSION = YES;
				CLANG_WARN_DEPRECATED_OBJC_IMPLEMENTATIONS = YES;
				CLANG_WARN_DIRECT_OBJC_ISA_USAGE = YES_ERROR;
				CLANG_WARN_DOCUMENTATION_COMMENTS = YES;
				CLANG_WARN_EMPTY_BODY = YES;
				CLANG_WARN_ENUM_CONVERSION = YES;
				CLANG_WARN_INFINITE_RECURSION = YES;
				CLANG_WARN_INT_CONVERSION = YES;
				CLANG_WARN_NON_LITERAL_NULL_CONVERSION = YES;
				CLANG_WARN_OBJC_IMPLICIT_RETAIN_SELF = YES;
				CLANG_WARN_OBJC_LITERAL_CONVERSION = YES;
				CLANG_WARN_OBJC_ROOT_CLASS = YES_ERROR;
				CLANG_WARN_QUOTED_INCLUDE_IN_FRAMEWORK_HEADER = YES;
				CLANG_WARN_RANGE_LOOP_ANALYSIS = YES;
				CLANG_WARN_STRICT_PROTOTYPES = YES;
				CLANG_WARN_SUSPICIOUS_MOVE = YES;
				CLANG_WARN_UNGUARDED_AVAILABILITY = YES_AGGRESSIVE;
				CLANG_WARN_UNREACHABLE_CODE = YES;
				CLANG_WARN__DUPLICATE_METHOD_MATCH = YES;
				COPY_PHASE_STRIP = NO;
				DEBUG_INFORMATION_FORMAT = dwarf;
				ENABLE_STRICT_OBJC_MSGSEND = YES;
				ENABLE_TESTABILITY = YES;
				GCC_C_LANGUAGE_STANDARD = gnu11;
				GCC_DYNAMIC_NO_PIC = NO;
				GCC_NO_COMMON_BLOCKS = YES;
				GCC_OPTIMIZATION_LEVEL = 0;
				GCC_PREPROCESSOR_DEFINITIONS = (
					"DEBUG=1",
					"$(inherited)",
				);
				GCC_WARN_64_TO_32_BIT_CONVERSION = YES;
				GCC_WARN_ABOUT_RETURN_TYPE = YES_ERROR;
				GCC_WARN_UNDECLARED_SELECTOR = YES;
				GCC_WARN_UNINITIALIZED_AUTOS = YES_AGGRESSIVE;
				GCC_WARN_UNUSED_FUNCTION = YES;
				GCC_WARN_UNUSED_VARIABLE = YES;
				IPHONEOS_DEPLOYMENT_TARGET = 16.4;
				MTL_ENABLE_DEBUG_INFO = INCLUDE_SOURCE;
				MTL_FAST_MATH = YES;
				ONLY_ACTIVE_ARCH = YES;
				SDKROOT = iphoneos;
				SWIFT_ACTIVE_COMPILATION_CONDITIONS = DEBUG;
				SWIFT_OPTIMIZATION_LEVEL = "-Onone";
			};
			name = Debug;
		};
		5279B8ED29F6D0F500F1B20A /* Release */ = {
			isa = XCBuildConfiguration;
			buildSettings = {
				ALWAYS_SEARCH_USER_PATHS = NO;
				CLANG_ANALYZER_NONNULL = YES;
				CLANG_ANALYZER_NUMBER_OBJECT_CONVERSION = YES_AGGRESSIVE;
				CLANG_CXX_LANGUAGE_STANDARD = "gnu++20";
				CLANG_ENABLE_MODULES = YES;
				CLANG_ENABLE_OBJC_ARC = YES;
				CLANG_ENABLE_OBJC_WEAK = YES;
				CLANG_WARN_BLOCK_CAPTURE_AUTORELEASING = YES;
				CLANG_WARN_BOOL_CONVERSION = YES;
				CLANG_WARN_COMMA = YES;
				CLANG_WARN_CONSTANT_CONVERSION = YES;
				CLANG_WARN_DEPRECATED_OBJC_IMPLEMENTATIONS = YES;
				CLANG_WARN_DIRECT_OBJC_ISA_USAGE = YES_ERROR;
				CLANG_WARN_DOCUMENTATION_COMMENTS = YES;
				CLANG_WARN_EMPTY_BODY = YES;
				CLANG_WARN_ENUM_CONVERSION = YES;
				CLANG_WARN_INFINITE_RECURSION = YES;
				CLANG_WARN_INT_CONVERSION = YES;
				CLANG_WARN_NON_LITERAL_NULL_CONVERSION = YES;
				CLANG_WARN_OBJC_IMPLICIT_RETAIN_SELF = YES;
				CLANG_WARN_OBJC_LITERAL_CONVERSION = YES;
				CLANG_WARN_OBJC_ROOT_CLASS = YES_ERROR;
				CLANG_WARN_QUOTED_INCLUDE_IN_FRAMEWORK_HEADER = YES;
				CLANG_WARN_RANGE_LOOP_ANALYSIS = YES;
				CLANG_WARN_STRICT_PROTOTYPES = YES;
				CLANG_WARN_SUSPICIOUS_MOVE = YES;
				CLANG_WARN_UNGUARDED_AVAILABILITY = YES_AGGRESSIVE;
				CLANG_WARN_UNREACHABLE_CODE = YES;
				CLANG_WARN__DUPLICATE_METHOD_MATCH = YES;
				COPY_PHASE_STRIP = NO;
				DEBUG_INFORMATION_FORMAT = "dwarf-with-dsym";
				ENABLE_NS_ASSERTIONS = NO;
				ENABLE_STRICT_OBJC_MSGSEND = YES;
				GCC_C_LANGUAGE_STANDARD = gnu11;
				GCC_NO_COMMON_BLOCKS = YES;
				GCC_WARN_64_TO_32_BIT_CONVERSION = YES;
				GCC_WARN_ABOUT_RETURN_TYPE = YES_ERROR;
				GCC_WARN_UNDECLARED_SELECTOR = YES;
				GCC_WARN_UNINITIALIZED_AUTOS = YES_AGGRESSIVE;
				GCC_WARN_UNUSED_FUNCTION = YES;
				GCC_WARN_UNUSED_VARIABLE = YES;
				IPHONEOS_DEPLOYMENT_TARGET = 16.4;
				MTL_ENABLE_DEBUG_INFO = NO;
				MTL_FAST_MATH = YES;
				SDKROOT = iphoneos;
				SWIFT_COMPILATION_MODE = wholemodule;
				SWIFT_OPTIMIZATION_LEVEL = "-O";
				VALIDATE_PRODUCT = YES;
			};
			name = Release;
		};
		5279B8EF29F6D0F500F1B20A /* Debug */ = {
			isa = XCBuildConfiguration;
			buildSettings = {
				ASSETCATALOG_COMPILER_APPICON_NAME = AppIcon;
				ASSETCATALOG_COMPILER_GLOBAL_ACCENT_COLOR_NAME = AccentColor;
				CODE_SIGN_STYLE = Automatic;
				CURRENT_PROJECT_VERSION = 1;
				DEVELOPMENT_ASSET_PATHS = "\"Appetizers/Preview Content\"";
				DEVELOPMENT_TEAM = L2MMJ8N33L;
				ENABLE_PREVIEWS = YES;
				GENERATE_INFOPLIST_FILE = YES;
				INFOPLIST_KEY_UIApplicationSceneManifest_Generation = YES;
				INFOPLIST_KEY_UIApplicationSupportsIndirectInputEvents = YES;
				INFOPLIST_KEY_UILaunchScreen_Generation = YES;
				INFOPLIST_KEY_UISupportedInterfaceOrientations_iPad = "UIInterfaceOrientationPortrait UIInterfaceOrientationPortraitUpsideDown UIInterfaceOrientationLandscapeLeft UIInterfaceOrientationLandscapeRight";
				INFOPLIST_KEY_UISupportedInterfaceOrientations_iPhone = "UIInterfaceOrientationPortrait UIInterfaceOrientationLandscapeLeft UIInterfaceOrientationLandscapeRight";
				LD_RUNPATH_SEARCH_PATHS = (
					"$(inherited)",
					"@executable_path/Frameworks",
				);
				MARKETING_VERSION = 1.0;
				PRODUCT_BUNDLE_IDENTIFIER = com.lahirudx.Appetizers;
				PRODUCT_NAME = "$(TARGET_NAME)";
				SWIFT_EMIT_LOC_STRINGS = YES;
				SWIFT_VERSION = 5.0;
				TARGETED_DEVICE_FAMILY = "1,2";
			};
			name = Debug;
		};
		5279B8F029F6D0F500F1B20A /* Release */ = {
			isa = XCBuildConfiguration;
			buildSettings = {
				ASSETCATALOG_COMPILER_APPICON_NAME = AppIcon;
				ASSETCATALOG_COMPILER_GLOBAL_ACCENT_COLOR_NAME = AccentColor;
				CODE_SIGN_STYLE = Automatic;
				CURRENT_PROJECT_VERSION = 1;
				DEVELOPMENT_ASSET_PATHS = "\"Appetizers/Preview Content\"";
				DEVELOPMENT_TEAM = L2MMJ8N33L;
				ENABLE_PREVIEWS = YES;
				GENERATE_INFOPLIST_FILE = YES;
				INFOPLIST_KEY_UIApplicationSceneManifest_Generation = YES;
				INFOPLIST_KEY_UIApplicationSupportsIndirectInputEvents = YES;
				INFOPLIST_KEY_UILaunchScreen_Generation = YES;
				INFOPLIST_KEY_UISupportedInterfaceOrientations_iPad = "UIInterfaceOrientationPortrait UIInterfaceOrientationPortraitUpsideDown UIInterfaceOrientationLandscapeLeft UIInterfaceOrientationLandscapeRight";
				INFOPLIST_KEY_UISupportedInterfaceOrientations_iPhone = "UIInterfaceOrientationPortrait UIInterfaceOrientationLandscapeLeft UIInterfaceOrientationLandscapeRight";
				LD_RUNPATH_SEARCH_PATHS = (
					"$(inherited)",
					"@executable_path/Frameworks",
				);
				MARKETING_VERSION = 1.0;
				PRODUCT_BUNDLE_IDENTIFIER = com.lahirudx.Appetizers;
				PRODUCT_NAME = "$(TARGET_NAME)";
				SWIFT_EMIT_LOC_STRINGS = YES;
				SWIFT_VERSION = 5.0;
				TARGETED_DEVICE_FAMILY = "1,2";
			};
			name = Release;
		};
/* End XCBuildConfiguration section */

/* Begin XCConfigurationList section */
		5279B8DB29F6D0F300F1B20A /* Build configuration list for PBXProject "Appetizers" */ = {
			isa = XCConfigurationList;
			buildConfigurations = (
				5279B8EC29F6D0F500F1B20A /* Debug */,
				5279B8ED29F6D0F500F1B20A /* Release */,
			);
			defaultConfigurationIsVisible = 0;
			defaultConfigurationName = Release;
		};
		5279B8EE29F6D0F500F1B20A /* Build configuration list for PBXNativeTarget "Appetizers" */ = {
			isa = XCConfigurationList;
			buildConfigurations = (
				5279B8EF29F6D0F500F1B20A /* Debug */,
				5279B8F029F6D0F500F1B20A /* Release */,
			);
			defaultConfigurationIsVisible = 0;
			defaultConfigurationName = Release;
		};
/* End XCConfigurationList section */
	};
	rootObject = 5279B8D829F6D0F300F1B20A /* Project object */;
}
